
Microsoft Visual Studio Solution File, Format Version 12.00
# Visual Studio Version 16
VisualStudioVersion = 16.0.30611.23
MinimumVisualStudioVersion = 10.0.40219.1
Project("{FAE04EC0-301F-11D3-BF4B-00C04F79EFBC}") = "WebApplication1", "WebApplication1\WebApplication1.csproj", "{86C62FD5-02CA-4CEB-A0C0-C9419AE875DF}"
EndProject
Global
	GlobalSection(SolutionConfigurationPlatforms) = preSolution
		Debug|Any CPU = Debug|Any CPU
		Release|Any CPU = Release|Any CPU
	EndGlobalSection
	GlobalSection(ProjectConfigurationPlatforms) = postSolution
		{86C62FD5-02CA-4CEB-A0C0-C9419AE875DF}.Debug|Any CPU.ActiveCfg = Debug|Any CPU
		{86C62FD5-02CA-4CEB-A0C0-C9419AE875DF}.Debug|Any CPU.Build.0 = Debug|Any CPU
		{86C62FD5-02CA-4CEB-A0C0-C9419AE875DF}.Release|Any CPU.ActiveCfg = Release|Any CPU
		{86C62FD5-02CA-4CEB-A0C0-C9419AE875DF}.Release|Any CPU.Build.0 = Release|Any CPU
	EndGlobalSection
	GlobalSection(SolutionProperties) = preSolution
		HideSolutionNode = FALSE
	EndGlobalSection
	GlobalSection(ExtensibilityGlobals) = postSolution
		SolutionGuid = {5D451B3E-CD16-434B-A0FA-95292C9B48EA}
	EndGlobalSection
EndGlobal
